// !$*UTF8*$!
{
	archiveVersion = 1;
	classes = {
	};
	objectVersion = 56;
	objects = {

/* Begin PBXBuildFile section */
		5224161E2A96A8FF00AC065D /* AppDelegate.swift in Sources */ = {isa = PBXBuildFile; fileRef = 5224161D2A96A8FF00AC065D /* AppDelegate.swift */; };
		522416202A96A8FF00AC065D /* SceneDelegate.swift in Sources */ = {isa = PBXBuildFile; fileRef = 5224161F2A96A8FF00AC065D /* SceneDelegate.swift */; };
		522416252A96A8FF00AC065D /* MainStoryboard.storyboard in Resources */ = {isa = PBXBuildFile; fileRef = 522416232A96A8FF00AC065D /* MainStoryboard.storyboard */; };
		522416272A96A90000AC065D /* Assets.xcassets in Resources */ = {isa = PBXBuildFile; fileRef = 522416262A96A90000AC065D /* Assets.xcassets */; };
		5224162A2A96A90000AC065D /* LaunchScreen.storyboard in Resources */ = {isa = PBXBuildFile; fileRef = 522416282A96A90000AC065D /* LaunchScreen.storyboard */; };
		522416342A96ABF100AC065D /* SignInStoryboard.storyboard in Resources */ = {isa = PBXBuildFile; fileRef = 522416332A96ABF100AC065D /* SignInStoryboard.storyboard */; };
		522416362A96AD3000AC065D /* SignUpStoryboard.storyboard in Resources */ = {isa = PBXBuildFile; fileRef = 522416352A96AD3000AC065D /* SignUpStoryboard.storyboard */; };
		522416392A96B78400AC065D /* SignInVC.swift in Sources */ = {isa = PBXBuildFile; fileRef = 522416382A96B78400AC065D /* SignInVC.swift */; };
		5224163B2A9AA4E500AC065D /* CreateAccountVC.swift in Sources */ = {isa = PBXBuildFile; fileRef = 5224163A2A9AA4E500AC065D /* CreateAccountVC.swift */; };
		5224163D2A9AAC4600AC065D /* VerificationsVC.swift in Sources */ = {isa = PBXBuildFile; fileRef = 5224163C2A9AAC4600AC065D /* VerificationsVC.swift */; };
		522416402A9AAD3A00AC065D /* UIViewControllerExt.swift in Sources */ = {isa = PBXBuildFile; fileRef = 5224163F2A9AAD3A00AC065D /* UIViewControllerExt.swift */; };
		522416432A9AB7A300AC065D /* VerificationService.swift in Sources */ = {isa = PBXBuildFile; fileRef = 522416422A9AB7A300AC065D /* VerificationService.swift */; };
		522416462A9D22C700AC065D /* UserModel.swift in Sources */ = {isa = PBXBuildFile; fileRef = 522416452A9D22C700AC065D /* UserModel.swift */; };
		522416482A9D3A3C00AC065D /* WelcomeVC.swift in Sources */ = {isa = PBXBuildFile; fileRef = 522416472A9D3A3C00AC065D /* WelcomeVC.swift */; };
		5224164B2A9D55FF00AC065D /* MyModel.xcdatamodeld in Sources */ = {isa = PBXBuildFile; fileRef = 522416492A9D55FF00AC065D /* MyModel.xcdatamodeld */; };
		5224164D2A9FDABC00AC065D /* UserDefaultService.swift in Sources */ = {isa = PBXBuildFile; fileRef = 5224164C2A9FDABC00AC065D /* UserDefaultService.swift */; };
		5224164F2A9FDBFC00AC065D /* UserDefaultsExtension.swift in Sources */ = {isa = PBXBuildFile; fileRef = 5224164E2A9FDBFC00AC065D /* UserDefaultsExtension.swift */; };
		522416512A9FE29000AC065D /* TabBarController.swift in Sources */ = {isa = PBXBuildFile; fileRef = 522416502A9FE29000AC065D /* TabBarController.swift */; };
		522416532A9FEA9100AC065D /* ProfileVC.swift in Sources */ = {isa = PBXBuildFile; fileRef = 522416522A9FEA9100AC065D /* ProfileVC.swift */; };
/* End PBXBuildFile section */

/* Begin PBXFileReference section */
		5224161A2A96A8FF00AC065D /* SignInUpApp.app */ = {isa = PBXFileReference; explicitFileType = wrapper.application; includeInIndex = 0; path = SignInUpApp.app; sourceTree = BUILT_PRODUCTS_DIR; };
		5224161D2A96A8FF00AC065D /* AppDelegate.swift */ = {isa = PBXFileReference; lastKnownFileType = sourcecode.swift; path = AppDelegate.swift; sourceTree = "<group>"; };
		5224161F2A96A8FF00AC065D /* SceneDelegate.swift */ = {isa = PBXFileReference; lastKnownFileType = sourcecode.swift; path = SceneDelegate.swift; sourceTree = "<group>"; };
		522416242A96A8FF00AC065D /* Base */ = {isa = PBXFileReference; lastKnownFileType = file.storyboard; name = Base; path = Base.lproj/MainStoryboard.storyboard; sourceTree = "<group>"; };
		522416262A96A90000AC065D /* Assets.xcassets */ = {isa = PBXFileReference; lastKnownFileType = folder.assetcatalog; path = Assets.xcassets; sourceTree = "<group>"; };
		522416292A96A90000AC065D /* Base */ = {isa = PBXFileReference; lastKnownFileType = file.storyboard; name = Base; path = Base.lproj/LaunchScreen.storyboard; sourceTree = "<group>"; };
		5224162B2A96A90000AC065D /* Info.plist */ = {isa = PBXFileReference; lastKnownFileType = text.plist.xml; path = Info.plist; sourceTree = "<group>"; };
		522416332A96ABF100AC065D /* SignInStoryboard.storyboard */ = {isa = PBXFileReference; lastKnownFileType = file.storyboard; path = SignInStoryboard.storyboard; sourceTree = "<group>"; };
		522416352A96AD3000AC065D /* SignUpStoryboard.storyboard */ = {isa = PBXFileReference; lastKnownFileType = file.storyboard; path = SignUpStoryboard.storyboard; sourceTree = "<group>"; };
		522416382A96B78400AC065D /* SignInVC.swift */ = {isa = PBXFileReference; lastKnownFileType = sourcecode.swift; path = SignInVC.swift; sourceTree = "<group>"; };
		5224163A2A9AA4E500AC065D /* CreateAccountVC.swift */ = {isa = PBXFileReference; lastKnownFileType = sourcecode.swift; path = CreateAccountVC.swift; sourceTree = "<group>"; };
		5224163C2A9AAC4600AC065D /* VerificationsVC.swift */ = {isa = PBXFileReference; lastKnownFileType = sourcecode.swift; path = VerificationsVC.swift; sourceTree = "<group>"; };
		5224163F2A9AAD3A00AC065D /* UIViewControllerExt.swift */ = {isa = PBXFileReference; lastKnownFileType = sourcecode.swift; path = UIViewControllerExt.swift; sourceTree = "<group>"; };
		522416422A9AB7A300AC065D /* VerificationService.swift */ = {isa = PBXFileReference; lastKnownFileType = sourcecode.swift; path = VerificationService.swift; sourceTree = "<group>"; };
		522416452A9D22C700AC065D /* UserModel.swift */ = {isa = PBXFileReference; lastKnownFileType = sourcecode.swift; path = UserModel.swift; sourceTree = "<group>"; };
		522416472A9D3A3C00AC065D /* WelcomeVC.swift */ = {isa = PBXFileReference; lastKnownFileType = sourcecode.swift; path = WelcomeVC.swift; sourceTree = "<group>"; };
		5224164A2A9D55FF00AC065D /* MyModel.xcdatamodel */ = {isa = PBXFileReference; lastKnownFileType = wrapper.xcdatamodel; path = MyModel.xcdatamodel; sourceTree = "<group>"; };
		5224164C2A9FDABC00AC065D /* UserDefaultService.swift */ = {isa = PBXFileReference; lastKnownFileType = sourcecode.swift; path = UserDefaultService.swift; sourceTree = "<group>"; };
		5224164E2A9FDBFC00AC065D /* UserDefaultsExtension.swift */ = {isa = PBXFileReference; lastKnownFileType = sourcecode.swift; path = UserDefaultsExtension.swift; sourceTree = "<group>"; };
		522416502A9FE29000AC065D /* TabBarController.swift */ = {isa = PBXFileReference; lastKnownFileType = sourcecode.swift; path = TabBarController.swift; sourceTree = "<group>"; };
		522416522A9FEA9100AC065D /* ProfileVC.swift */ = {isa = PBXFileReference; lastKnownFileType = sourcecode.swift; path = ProfileVC.swift; sourceTree = "<group>"; };
/* End PBXFileReference section */

/* Begin PBXFrameworksBuildPhase section */
		522416172A96A8FF00AC065D /* Frameworks */ = {
			isa = PBXFrameworksBuildPhase;
			buildActionMask = 2147483647;
			files = (
			);
			runOnlyForDeploymentPostprocessing = 0;
		};
/* End PBXFrameworksBuildPhase section */

/* Begin PBXGroup section */
		522416112A96A8FF00AC065D = {
			isa = PBXGroup;
			children = (
				5224161C2A96A8FF00AC065D /* SignInUpApp */,
				5224161B2A96A8FF00AC065D /* Products */,
			);
			sourceTree = "<group>";
		};
		5224161B2A96A8FF00AC065D /* Products */ = {
			isa = PBXGroup;
			children = (
				5224161A2A96A8FF00AC065D /* SignInUpApp.app */,
			);
			name = Products;
			sourceTree = "<group>";
		};
		5224161C2A96A8FF00AC065D /* SignInUpApp */ = {
			isa = PBXGroup;
			children = (
				522416442A9D229F00AC065D /* Models */,
				522416412A9AB77500AC065D /* Services */,
				5224163E2A9AAD0600AC065D /* Extesions */,
				522416372A96B75700AC065D /* Controllers */,
				522416312A96AB2700AC065D /* Views */,
				522416322A96AB4600AC065D /* App Delegate */,
				5224162B2A96A90000AC065D /* Info.plist */,
				522416262A96A90000AC065D /* Assets.xcassets */,
			);
			path = SignInUpApp;
			sourceTree = "<group>";
		};
		522416312A96AB2700AC065D /* Views */ = {
			isa = PBXGroup;
			children = (
				522416282A96A90000AC065D /* LaunchScreen.storyboard */,
				522416332A96ABF100AC065D /* SignInStoryboard.storyboard */,
				522416352A96AD3000AC065D /* SignUpStoryboard.storyboard */,
				522416232A96A8FF00AC065D /* MainStoryboard.storyboard */,
			);
			path = Views;
			sourceTree = "<group>";
		};
		522416322A96AB4600AC065D /* App Delegate */ = {
			isa = PBXGroup;
			children = (
				5224161D2A96A8FF00AC065D /* AppDelegate.swift */,
				5224161F2A96A8FF00AC065D /* SceneDelegate.swift */,
			);
			path = "App Delegate";
			sourceTree = "<group>";
		};
		522416372A96B75700AC065D /* Controllers */ = {
			isa = PBXGroup;
			children = (
				522416382A96B78400AC065D /* SignInVC.swift */,
				5224163C2A9AAC4600AC065D /* VerificationsVC.swift */,
				522416472A9D3A3C00AC065D /* WelcomeVC.swift */,
				522416502A9FE29000AC065D /* TabBarController.swift */,
				5224163A2A9AA4E500AC065D /* CreateAccountVC.swift */,
				522416522A9FEA9100AC065D /* ProfileVC.swift */,
			);
			path = Controllers;
			sourceTree = "<group>";
		};
		5224163E2A9AAD0600AC065D /* Extesions */ = {
			isa = PBXGroup;
			children = (
				5224163F2A9AAD3A00AC065D /* UIViewControllerExt.swift */,
				5224164E2A9FDBFC00AC065D /* UserDefaultsExtension.swift */,
			);
			path = Extesions;
			sourceTree = "<group>";
		};
		522416412A9AB77500AC065D /* Services */ = {
			isa = PBXGroup;
			children = (
				522416422A9AB7A300AC065D /* VerificationService.swift */,
				5224164C2A9FDABC00AC065D /* UserDefaultService.swift */,
			);
			path = Services;
			sourceTree = "<group>";
		};
		522416442A9D229F00AC065D /* Models */ = {
			isa = PBXGroup;
			children = (
				522416452A9D22C700AC065D /* UserModel.swift */,
				522416492A9D55FF00AC065D /* MyModel.xcdatamodeld */,
			);
			path = Models;
			sourceTree = "<group>";
		};
/* End PBXGroup section */

/* Begin PBXNativeTarget section */
		522416192A96A8FF00AC065D /* SignInUpApp */ = {
			isa = PBXNativeTarget;
			buildConfigurationList = 5224162E2A96A90000AC065D /* Build configuration list for PBXNativeTarget "SignInUpApp" */;
			buildPhases = (
				522416162A96A8FF00AC065D /* Sources */,
				522416172A96A8FF00AC065D /* Frameworks */,
				522416182A96A8FF00AC065D /* Resources */,
			);
			buildRules = (
			);
			dependencies = (
			);
			name = SignInUpApp;
			productName = SignInUpApp;
			productReference = 5224161A2A96A8FF00AC065D /* SignInUpApp.app */;
			productType = "com.apple.product-type.application";
		};
/* End PBXNativeTarget section */

/* Begin PBXProject section */
		522416122A96A8FF00AC065D /* Project object */ = {
			isa = PBXProject;
			attributes = {
				BuildIndependentTargetsInParallel = 1;
				LastSwiftUpdateCheck = 1430;
				LastUpgradeCheck = 1430;
				TargetAttributes = {
					522416192A96A8FF00AC065D = {
						CreatedOnToolsVersion = 14.3.1;
					};
				};
			};
			buildConfigurationList = 522416152A96A8FF00AC065D /* Build configuration list for PBXProject "SignInUpApp" */;
			compatibilityVersion = "Xcode 14.0";
			developmentRegion = en;
			hasScannedForEncodings = 0;
			knownRegions = (
				en,
				Base,
			);
			mainGroup = 522416112A96A8FF00AC065D;
			productRefGroup = 5224161B2A96A8FF00AC065D /* Products */;
			projectDirPath = "";
			projectRoot = "";
			targets = (
				522416192A96A8FF00AC065D /* SignInUpApp */,
			);
		};
/* End PBXProject section */

/* Begin PBXResourcesBuildPhase section */
		522416182A96A8FF00AC065D /* Resources */ = {
			isa = PBXResourcesBuildPhase;
			buildActionMask = 2147483647;
			files = (
				522416362A96AD3000AC065D /* SignUpStoryboard.storyboard in Resources */,
				5224162A2A96A90000AC065D /* LaunchScreen.storyboard in Resources */,
				522416272A96A90000AC065D /* Assets.xcassets in Resources */,
				522416252A96A8FF00AC065D /* MainStoryboard.storyboard in Resources */,
				522416342A96ABF100AC065D /* SignInStoryboard.storyboard in Resources */,
			);
			runOnlyForDeploymentPostprocessing = 0;
		};
/* End PBXResourcesBuildPhase section */

/* Begin PBXSourcesBuildPhase section */
		522416162A96A8FF00AC065D /* Sources */ = {
			isa = PBXSourcesBuildPhase;
			buildActionMask = 2147483647;
			files = (
				522416432A9AB7A300AC065D /* VerificationService.swift in Sources */,
				522416512A9FE29000AC065D /* TabBarController.swift in Sources */,
				522416532A9FEA9100AC065D /* ProfileVC.swift in Sources */,
				5224164D2A9FDABC00AC065D /* UserDefaultService.swift in Sources */,
				5224163D2A9AAC4600AC065D /* VerificationsVC.swift in Sources */,
				522416462A9D22C700AC065D /* UserModel.swift in Sources */,
				5224164B2A9D55FF00AC065D /* MyModel.xcdatamodeld in Sources */,
				5224161E2A96A8FF00AC065D /* AppDelegate.swift in Sources */,
				522416402A9AAD3A00AC065D /* UIViewControllerExt.swift in Sources */,
				522416202A96A8FF00AC065D /* SceneDelegate.swift in Sources */,
				522416482A9D3A3C00AC065D /* WelcomeVC.swift in Sources */,
				5224163B2A9AA4E500AC065D /* CreateAccountVC.swift in Sources */,
				5224164F2A9FDBFC00AC065D /* UserDefaultsExtension.swift in Sources */,
				522416392A96B78400AC065D /* SignInVC.swift in Sources */,
			);
			runOnlyForDeploymentPostprocessing = 0;
		};
/* End PBXSourcesBuildPhase section */

/* Begin PBXVariantGroup section */
		522416232A96A8FF00AC065D /* MainStoryboard.storyboard */ = {
			isa = PBXVariantGroup;
			children = (
				522416242A96A8FF00AC065D /* Base */,
			);
			name = MainStoryboard.storyboard;
			sourceTree = "<group>";
		};
		522416282A96A90000AC065D /* LaunchScreen.storyboard */ = {
			isa = PBXVariantGroup;
			children = (
				522416292A96A90000AC065D /* Base */,
			);
			name = LaunchScreen.storyboard;
			sourceTree = "<group>";
		};
/* End PBXVariantGroup section */

/* Begin XCBuildConfiguration section */
		5224162C2A96A90000AC065D /* Debug */ = {
			isa = XCBuildConfiguration;
			buildSettings = {
				ALWAYS_SEARCH_USER_PATHS = NO;
				CLANG_ANALYZER_NONNULL = YES;
				CLANG_ANALYZER_NUMBER_OBJECT_CONVERSION = YES_AGGRESSIVE;
				CLANG_CXX_LANGUAGE_STANDARD = "gnu++20";
				CLANG_ENABLE_MODULES = YES;
				CLANG_ENABLE_OBJC_ARC = YES;
				CLANG_ENABLE_OBJC_WEAK = YES;
				CLANG_WARN_BLOCK_CAPTURE_AUTORELEASING = YES;
				CLANG_WARN_BOOL_CONVERSION = YES;
				CLANG_WARN_COMMA = YES;
				CLANG_WARN_CONSTANT_CONVERSION = YES;
				CLANG_WARN_DEPRECATED_OBJC_IMPLEMENTATIONS = YES;
				CLANG_WARN_DIRECT_OBJC_ISA_USAGE = YES_ERROR;
				CLANG_WARN_DOCUMENTATION_COMMENTS = YES;
				CLANG_WARN_EMPTY_BODY = YES;
				CLANG_WARN_ENUM_CONVERSION = YES;
				CLANG_WARN_INFINITE_RECURSION = YES;
				CLANG_WARN_INT_CONVERSION = YES;
				CLANG_WARN_NON_LITERAL_NULL_CONVERSION = YES;
				CLANG_WARN_OBJC_IMPLICIT_RETAIN_SELF = YES;
				CLANG_WARN_OBJC_LITERAL_CONVERSION = YES;
				CLANG_WARN_OBJC_ROOT_CLASS = YES_ERROR;
				CLANG_WARN_QUOTED_INCLUDE_IN_FRAMEWORK_HEADER = YES;
				CLANG_WARN_RANGE_LOOP_ANALYSIS = YES;
				CLANG_WARN_STRICT_PROTOTYPES = YES;
				CLANG_WARN_SUSPICIOUS_MOVE = YES;
				CLANG_WARN_UNGUARDED_AVAILABILITY = YES_AGGRESSIVE;
				CLANG_WARN_UNREACHABLE_CODE = YES;
				CLANG_WARN__DUPLICATE_METHOD_MATCH = YES;
				COPY_PHASE_STRIP = NO;
				DEBUG_INFORMATION_FORMAT = dwarf;
				ENABLE_STRICT_OBJC_MSGSEND = YES;
				ENABLE_TESTABILITY = YES;
				GCC_C_LANGUAGE_STANDARD = gnu11;
				GCC_DYNAMIC_NO_PIC = NO;
				GCC_NO_COMMON_BLOCKS = YES;
				GCC_OPTIMIZATION_LEVEL = 0;
				GCC_PREPROCESSOR_DEFINITIONS = (
					"DEBUG=1",
					"$(inherited)",
				);
				GCC_WARN_64_TO_32_BIT_CONVERSION = YES;
				GCC_WARN_ABOUT_RETURN_TYPE = YES_ERROR;
				GCC_WARN_UNDECLARED_SELECTOR = YES;
				GCC_WARN_UNINITIALIZED_AUTOS = YES_AGGRESSIVE;
				GCC_WARN_UNUSED_FUNCTION = YES;
				GCC_WARN_UNUSED_VARIABLE = YES;
				IPHONEOS_DEPLOYMENT_TARGET = 16.4;
				MTL_ENABLE_DEBUG_INFO = INCLUDE_SOURCE;
				MTL_FAST_MATH = YES;
				ONLY_ACTIVE_ARCH = YES;
				SDKROOT = iphoneos;
				SWIFT_ACTIVE_COMPILATION_CONDITIONS = DEBUG;
				SWIFT_OPTIMIZATION_LEVEL = "-Onone";
			};
			name = Debug;
		};
		5224162D2A96A90000AC065D /* Release */ = {
			isa = XCBuildConfiguration;
			buildSettings = {
				ALWAYS_SEARCH_USER_PATHS = NO;
				CLANG_ANALYZER_NONNULL = YES;
				CLANG_ANALYZER_NUMBER_OBJECT_CONVERSION = YES_AGGRESSIVE;
				CLANG_CXX_LANGUAGE_STANDARD = "gnu++20";
				CLANG_ENABLE_MODULES = YES;
				CLANG_ENABLE_OBJC_ARC = YES;
				CLANG_ENABLE_OBJC_WEAK = YES;
				CLANG_WARN_BLOCK_CAPTURE_AUTORELEASING = YES;
				CLANG_WARN_BOOL_CONVERSION = YES;
				CLANG_WARN_COMMA = YES;
				CLANG_WARN_CONSTANT_CONVERSION = YES;
				CLANG_WARN_DEPRECATED_OBJC_IMPLEMENTATIONS = YES;
				CLANG_WARN_DIRECT_OBJC_ISA_USAGE = YES_ERROR;
				CLANG_WARN_DOCUMENTATION_COMMENTS = YES;
				CLANG_WARN_EMPTY_BODY = YES;
				CLANG_WARN_ENUM_CONVERSION = YES;
				CLANG_WARN_INFINITE_RECURSION = YES;
				CLANG_WARN_INT_CONVERSION = YES;
				CLANG_WARN_NON_LITERAL_NULL_CONVERSION = YES;
				CLANG_WARN_OBJC_IMPLICIT_RETAIN_SELF = YES;
				CLANG_WARN_OBJC_LITERAL_CONVERSION = YES;
				CLANG_WARN_OBJC_ROOT_CLASS = YES_ERROR;
				CLANG_WARN_QUOTED_INCLUDE_IN_FRAMEWORK_HEADER = YES;
				CLANG_WARN_RANGE_LOOP_ANALYSIS = YES;
				CLANG_WARN_STRICT_PROTOTYPES = YES;
				CLANG_WARN_SUSPICIOUS_MOVE = YES;
				CLANG_WARN_UNGUARDED_AVAILABILITY = YES_AGGRESSIVE;
				CLANG_WARN_UNREACHABLE_CODE = YES;
				CLANG_WARN__DUPLICATE_METHOD_MATCH = YES;
				COPY_PHASE_STRIP = NO;
				DEBUG_INFORMATION_FORMAT = "dwarf-with-dsym";
				ENABLE_NS_ASSERTIONS = NO;
				ENABLE_STRICT_OBJC_MSGSEND = YES;
				GCC_C_LANGUAGE_STANDARD = gnu11;
				GCC_NO_COMMON_BLOCKS = YES;
				GCC_WARN_64_TO_32_BIT_CONVERSION = YES;
				GCC_WARN_ABOUT_RETURN_TYPE = YES_ERROR;
				GCC_WARN_UNDECLARED_SELECTOR = YES;
				GCC_WARN_UNINITIALIZED_AUTOS = YES_AGGRESSIVE;
				GCC_WARN_UNUSED_FUNCTION = YES;
				GCC_WARN_UNUSED_VARIABLE = YES;
				IPHONEOS_DEPLOYMENT_TARGET = 16.4;
				MTL_ENABLE_DEBUG_INFO = NO;
				MTL_FAST_MATH = YES;
				SDKROOT = iphoneos;
				SWIFT_COMPILATION_MODE = wholemodule;
				SWIFT_OPTIMIZATION_LEVEL = "-O";
				VALIDATE_PRODUCT = YES;
			};
			name = Release;
		};
		5224162F2A96A90000AC065D /* Debug */ = {
			isa = XCBuildConfiguration;
			buildSettings = {
				ASSETCATALOG_COMPILER_APPICON_NAME = AppIcon;
				ASSETCATALOG_COMPILER_GLOBAL_ACCENT_COLOR_NAME = AccentColor;
				CODE_SIGN_STYLE = Automatic;
				CURRENT_PROJECT_VERSION = 1;
				DEVELOPMENT_TEAM = RK692GK2JP;
				GENERATE_INFOPLIST_FILE = YES;
				INFOPLIST_FILE = SignInUpApp/Info.plist;
				INFOPLIST_KEY_UIApplicationSupportsIndirectInputEvents = YES;
				INFOPLIST_KEY_UILaunchStoryboardName = LaunchScreen;
				INFOPLIST_KEY_UIMainStoryboardFile = SignInStoryboard;
				INFOPLIST_KEY_UISupportedInterfaceOrientations_iPad = "UIInterfaceOrientationPortrait UIInterfaceOrientationPortraitUpsideDown UIInterfaceOrientationLandscapeLeft UIInterfaceOrientationLandscapeRight";
				INFOPLIST_KEY_UISupportedInterfaceOrientations_iPhone = "UIInterfaceOrientationPortrait UIInterfaceOrientationLandscapeLeft UIInterfaceOrientationLandscapeRight";
				LD_RUNPATH_SEARCH_PATHS = (
					"$(inherited)",
					"@executable_path/Frameworks",
				);
				MARKETING_VERSION = 1.0;
				PRODUCT_BUNDLE_IDENTIFIER = com.itlime.SignInUpApp;
				PRODUCT_NAME = "$(TARGET_NAME)";
				SWIFT_EMIT_LOC_STRINGS = YES;
				SWIFT_VERSION = 5.0;
				TARGETED_DEVICE_FAMILY = "1,2";
			};
			name = Debug;
		};
		522416302A96A90000AC065D /* Release */ = {
			isa = XCBuildConfiguration;
			buildSettings = {
				ASSETCATALOG_COMPILER_APPICON_NAME = AppIcon;
				ASSETCATALOG_COMPILER_GLOBAL_ACCENT_COLOR_NAME = AccentColor;
				CODE_SIGN_STYLE = Automatic;
				CURRENT_PROJECT_VERSION = 1;
				DEVELOPMENT_TEAM = RK692GK2JP;
				GENERATE_INFOPLIST_FILE = YES;
				INFOPLIST_FILE = SignInUpApp/Info.plist;
				INFOPLIST_KEY_UIApplicationSupportsIndirectInputEvents = YES;
				INFOPLIST_KEY_UILaunchStoryboardName = LaunchScreen;
				INFOPLIST_KEY_UIMainStoryboardFile = SignInStoryboard;
				INFOPLIST_KEY_UISupportedInterfaceOrientations_iPad = "UIInterfaceOrientationPortrait UIInterfaceOrientationPortraitUpsideDown UIInterfaceOrientationLandscapeLeft UIInterfaceOrientationLandscapeRight";
				INFOPLIST_KEY_UISupportedInterfaceOrientations_iPhone = "UIInterfaceOrientationPortrait UIInterfaceOrientationLandscapeLeft UIInterfaceOrientationLandscapeRight";
				LD_RUNPATH_SEARCH_PATHS = (
					"$(inherited)",
					"@executable_path/Frameworks",
				);
				MARKETING_VERSION = 1.0;
				PRODUCT_BUNDLE_IDENTIFIER = com.itlime.SignInUpApp;
				PRODUCT_NAME = "$(TARGET_NAME)";
				SWIFT_EMIT_LOC_STRINGS = YES;
				SWIFT_VERSION = 5.0;
				TARGETED_DEVICE_FAMILY = "1,2";
			};
			name = Release;
		};
/* End XCBuildConfiguration section */

/* Begin XCConfigurationList section */
		522416152A96A8FF00AC065D /* Build configuration list for PBXProject "SignInUpApp" */ = {
			isa = XCConfigurationList;
			buildConfigurations = (
				5224162C2A96A90000AC065D /* Debug */,
				5224162D2A96A90000AC065D /* Release */,
			);
			defaultConfigurationIsVisible = 0;
			defaultConfigurationName = Release;
		};
		5224162E2A96A90000AC065D /* Build configuration list for PBXNativeTarget "SignInUpApp" */ = {
			isa = XCConfigurationList;
			buildConfigurations = (
				5224162F2A96A90000AC065D /* Debug */,
				522416302A96A90000AC065D /* Release */,
			);
			defaultConfigurationIsVisible = 0;
			defaultConfigurationName = Release;
		};
/* End XCConfigurationList section */

/* Begin XCVersionGroup section */
		522416492A9D55FF00AC065D /* MyModel.xcdatamodeld */ = {
			isa = XCVersionGroup;
			children = (
				5224164A2A9D55FF00AC065D /* MyModel.xcdatamodel */,
			);
			currentVersion = 5224164A2A9D55FF00AC065D /* MyModel.xcdatamodel */;
			path = MyModel.xcdatamodeld;
			sourceTree = "<group>";
			versionGroupType = wrapper.xcdatamodel;
		};
/* End XCVersionGroup section */
	};
	rootObject = 522416122A96A8FF00AC065D /* Project object */;
}
